Microsoft Visual Studio Solution File, Format Version 12.00
# Visual Studio Version 17
VisualStudioVersion = 17.5.2.0
MinimumVisualStudioVersion = 10.0.40219.1
Project("{FAE04EC0-301F-11D3-BF4B-00C04F79EFBC}") = "DSDRoute", "DSDRoute.csproj", "{847CE5C1-E88E-1720-0F4B-13C074DFCE04}"
EndProject
Global
	GlobalSection(SolutionConfigurationPlatforms) = preSolution
		Debug|Any CPU = Debug|Any CPU
		Release|Any CPU = Release|Any CPU
	EndGlobalSection
	GlobalSection(ProjectConfigurationPlatforms) = postSolution
		{847CE5C1-E88E-1720-0F4B-13C074DFCE04}.Debug|Any CPU.ActiveCfg = Debug|Any CPU
		{847CE5C1-E88E-1720-0F4B-13C074DFCE04}.Debug|Any CPU.Build.0 = Debug|Any CPU
		{847CE5C1-E88E-1720-0F4B-13C074DFCE04}.Release|Any CPU.ActiveCfg = Release|Any CPU
		{847CE5C1-E88E-1720-0F4B-13C074DFCE04}.Release|Any CPU.Build.0 = Release|Any CPU
	EndGlobalSection
	GlobalSection(SolutionProperties) = preSolution
		HideSolutionNode = FALSE
	EndGlobalSection
	GlobalSection(ExtensibilityGlobals) = postSolution
		SolutionGuid = {A9D3B727-F55D-486D-B690-751EFF87A194}
	EndGlobalSection
EndGlobal
